
Microsoft Visual Studio Solution File, Format Version 12.00
# Visual Studio Version 17
VisualStudioVersion = 17.1.32210.238
MinimumVisualStudioVersion = 10.0.40219.1
Project("{FAE04EC0-301F-11D3-BF4B-00C04F79EFBC}") = "questaoTres", "questaoTres\questaoTres.csproj", "{B16DFDBB-8264-49D0-B422-6B868843C888}"
EndProject
Global
	GlobalSection(SolutionConfigurationPlatforms) = preSolution
		Debug|Any CPU = Debug|Any CPU
		Release|Any CPU = Release|Any CPU
	EndGlobalSection
	GlobalSection(ProjectConfigurationPlatforms) = postSolution
		{B16DFDBB-8264-49D0-B422-6B868843C888}.Debug|Any CPU.ActiveCfg = Debug|Any CPU
		{B16DFDBB-8264-49D0-B422-6B868843C888}.Debug|Any CPU.Build.0 = Debug|Any CPU
		{B16DFDBB-8264-49D0-B422-6B868843C888}.Release|Any CPU.ActiveCfg = Release|Any CPU
		{B16DFDBB-8264-49D0-B422-6B868843C888}.Release|Any CPU.Build.0 = Release|Any CPU
	EndGlobalSection
	GlobalSection(SolutionProperties) = preSolution
		HideSolutionNode = FALSE
	EndGlobalSection
	GlobalSection(ExtensibilityGlobals) = postSolution
		SolutionGuid = {5DAF56EF-5BB2-498F-928F-2963CEEC64B2}
	EndGlobalSection
EndGlobal
